
Microsoft Visual Studio Solution File, Format Version 12.00
# Visual Studio Version 17
VisualStudioVersion = 17.0.32126.317
MinimumVisualStudioVersion = 10.0.40219.1
Project("{FAE04EC0-301F-11D3-BF4B-00C04F79EFBC}") = "PublishTestApi", "PublishTestApi\PublishTestApi.csproj", "{4097176C-FFFC-48F4-BAF6-19C9BD48F3AB}"
EndProject
Global
	GlobalSection(SolutionConfigurationPlatforms) = preSolution
		Debug|Any CPU = Debug|Any CPU
		Release|Any CPU = Release|Any CPU
	EndGlobalSection
	GlobalSection(ProjectConfigurationPlatforms) = postSolution
		{4097176C-FFFC-48F4-BAF6-19C9BD48F3AB}.Debug|Any CPU.ActiveCfg = Debug|Any CPU
		{4097176C-FFFC-48F4-BAF6-19C9BD48F3AB}.Debug|Any CPU.Build.0 = Debug|Any CPU
		{4097176C-FFFC-48F4-BAF6-19C9BD48F3AB}.Release|Any CPU.ActiveCfg = Release|Any CPU
		{4097176C-FFFC-48F4-BAF6-19C9BD48F3AB}.Release|Any CPU.Build.0 = Release|Any CPU
	EndGlobalSection
	GlobalSection(SolutionProperties) = preSolution
		HideSolutionNode = FALSE
	EndGlobalSection
	GlobalSection(ExtensibilityGlobals) = postSolution
		SolutionGuid = {3CF8D755-246D-4811-B12C-8B7678ED0621}
	EndGlobalSection
EndGlobal
